
Microsoft Visual Studio Solution File, Format Version 12.00
# Visual Studio Version 16
VisualStudioVersion = 16.0.30523.141
MinimumVisualStudioVersion = 10.0.40219.1
Project("{9A19103F-16F7-4668-BE54-9A1E7A4F7556}") = "BrowserWarTests", "BrowserWarTests\BrowserWarTests.csproj", "{9BB19466-30CB-4DFD-8DEA-19758BC9B598}"
EndProject
Project("{9A19103F-16F7-4668-BE54-9A1E7A4F7556}") = "WebAPI", "WebAPI\WebAPI.csproj", "{1B96ED9B-10B9-4417-A79E-2BD38EC12DF3}"
EndProject
Global
	GlobalSection(SolutionConfigurationPlatforms) = preSolution
		Debug|Any CPU = Debug|Any CPU
		Release|Any CPU = Release|Any CPU
	EndGlobalSection
	GlobalSection(ProjectConfigurationPlatforms) = postSolution
		{9BB19466-30CB-4DFD-8DEA-19758BC9B598}.Debug|Any CPU.ActiveCfg = Debug|Any CPU
		{9BB19466-30CB-4DFD-8DEA-19758BC9B598}.Debug|Any CPU.Build.0 = Debug|Any CPU
		{9BB19466-30CB-4DFD-8DEA-19758BC9B598}.Release|Any CPU.ActiveCfg = Release|Any CPU
		{9BB19466-30CB-4DFD-8DEA-19758BC9B598}.Release|Any CPU.Build.0 = Release|Any CPU
		{1B96ED9B-10B9-4417-A79E-2BD38EC12DF3}.Debug|Any CPU.ActiveCfg = Debug|Any CPU
		{1B96ED9B-10B9-4417-A79E-2BD38EC12DF3}.Debug|Any CPU.Build.0 = Debug|Any CPU
		{1B96ED9B-10B9-4417-A79E-2BD38EC12DF3}.Release|Any CPU.ActiveCfg = Release|Any CPU
		{1B96ED9B-10B9-4417-A79E-2BD38EC12DF3}.Release|Any CPU.Build.0 = Release|Any CPU
	EndGlobalSection
	GlobalSection(SolutionProperties) = preSolution
		HideSolutionNode = FALSE
	EndGlobalSection
	GlobalSection(ExtensibilityGlobals) = postSolution
		SolutionGuid = {BBAAFEDC-08D7-4A76-8C1D-3FAFB2F80645}
	EndGlobalSection
EndGlobal
